Microsoft Visual Studio Solution File, Format Version 12.00
# Visual Studio 16
Project("{2150E333-8FDC-42A3-9474-1A3956D46DE8}") = "CMake", "CMake", "{86BDD72E-EEC6-3DC3-B0C4-09C9784D1512}"
EndProject
Project("{2150E333-8FDC-42A3-9474-1A3956D46DE8}") = "SFML", "SFML", "{00907032-00FB-390E-82FC-F7F054D0A857}"
EndProject
Project("{8BC9CEB8-8B4A-11D0-8D11-00A0C91BC942}") = "ALL_BUILD", "ALL_BUILD.vcxproj", "{917837DA-F653-3CA7-8595-1EB6A590C5E2}"
	ProjectSection(ProjectDependencies) = postProject
		{98800BFB-ACA8-32B9-A729-CB74DFA7F8C2} = {98800BFB-ACA8-32B9-A729-CB74DFA7F8C2}
		{1FD274AE-997D-342D-A0CB-34FCE35D9AB4} = {1FD274AE-997D-342D-A0CB-34FCE35D9AB4}
		{E5A0C8DC-BAB9-396B-AA4C-CFB20DA7AABE} = {E5A0C8DC-BAB9-396B-AA4C-CFB20DA7AABE}
		{FE034254-DAAE-3BD1-BAFE-E5BC574ADD85} = {FE034254-DAAE-3BD1-BAFE-E5BC574ADD85}
		{7A1E358C-A0D3-357B-A77E-DD873EBDABC9} = {7A1E358C-A0D3-357B-A77E-DD873EBDABC9}
		{A5A64C83-0ACD-31E9-9DBA-A92EB395D9B7} = {A5A64C83-0ACD-31E9-9DBA-A92EB395D9B7}
		{3B6AB4A6-8129-36BD-9FAB-7EBA305A6CDF} = {3B6AB4A6-8129-36BD-9FAB-7EBA305A6CDF}
	EndProjectSection
EndProject
Project("{8BC9CEB8-8B4A-11D0-8D11-00A0C91BC942}") = "INSTALL", "INSTALL.vcxproj", "{D190AB86-30CA-32EF-886C-732C27B2BD2A}"
	ProjectSection(ProjectDependencies) = postProject
		{917837DA-F653-3CA7-8595-1EB6A590C5E2} = {917837DA-F653-3CA7-8595-1EB6A590C5E2}
		{98800BFB-ACA8-32B9-A729-CB74DFA7F8C2} = {98800BFB-ACA8-32B9-A729-CB74DFA7F8C2}
	EndProjectSection
EndProject
Project("{8BC9CEB8-8B4A-11D0-8D11-00A0C91BC942}") = "ZERO_CHECK", "ZERO_CHECK.vcxproj", "{98800BFB-ACA8-32B9-A729-CB74DFA7F8C2}"
	ProjectSection(ProjectDependencies) = postProject
	EndProjectSection
EndProject
Project("{8BC9CEB8-8B4A-11D0-8D11-00A0C91BC942}") = "sfml-audio", "src\SFML\Audio\sfml-audio.vcxproj", "{1FD274AE-997D-342D-A0CB-34FCE35D9AB4}"
	ProjectSection(ProjectDependencies) = postProject
		{98800BFB-ACA8-32B9-A729-CB74DFA7F8C2} = {98800BFB-ACA8-32B9-A729-CB74DFA7F8C2}
		{A5A64C83-0ACD-31E9-9DBA-A92EB395D9B7} = {A5A64C83-0ACD-31E9-9DBA-A92EB395D9B7}
	EndProjectSection
EndProject
Project("{8BC9CEB8-8B4A-11D0-8D11-00A0C91BC942}") = "sfml-graphics", "src\SFML\Graphics\sfml-graphics.vcxproj", "{E5A0C8DC-BAB9-396B-AA4C-CFB20DA7AABE}"
	ProjectSection(ProjectDependencies) = postProject
		{98800BFB-ACA8-32B9-A729-CB74DFA7F8C2} = {98800BFB-ACA8-32B9-A729-CB74DFA7F8C2}
		{A5A64C83-0ACD-31E9-9DBA-A92EB395D9B7} = {A5A64C83-0ACD-31E9-9DBA-A92EB395D9B7}
		{3B6AB4A6-8129-36BD-9FAB-7EBA305A6CDF} = {3B6AB4A6-8129-36BD-9FAB-7EBA305A6CDF}
	EndProjectSection
EndProject
Project("{8BC9CEB8-8B4A-11D0-8D11-00A0C91BC942}") = "sfml-main", "src\SFML\Main\sfml-main.vcxproj", "{FE034254-DAAE-3BD1-BAFE-E5BC574ADD85}"
	ProjectSection(ProjectDependencies) = postProject
		{98800BFB-ACA8-32B9-A729-CB74DFA7F8C2} = {98800BFB-ACA8-32B9-A729-CB74DFA7F8C2}
	EndProjectSection
EndProject
Project("{8BC9CEB8-8B4A-11D0-8D11-00A0C91BC942}") = "sfml-network", "src\SFML\Network\sfml-network.vcxproj", "{7A1E358C-A0D3-357B-A77E-DD873EBDABC9}"
	ProjectSection(ProjectDependencies) = postProject
		{98800BFB-ACA8-32B9-A729-CB74DFA7F8C2} = {98800BFB-ACA8-32B9-A729-CB74DFA7F8C2}
		{A5A64C83-0ACD-31E9-9DBA-A92EB395D9B7} = {A5A64C83-0ACD-31E9-9DBA-A92EB395D9B7}
	EndProjectSection
EndProject
Project("{8BC9CEB8-8B4A-11D0-8D11-00A0C91BC942}") = "sfml-system", "src\SFML\System\sfml-system.vcxproj", "{A5A64C83-0ACD-31E9-9DBA-A92EB395D9B7}"
	ProjectSection(ProjectDependencies) = postProject
		{98800BFB-ACA8-32B9-A729-CB74DFA7F8C2} = {98800BFB-ACA8-32B9-A729-CB74DFA7F8C2}
	EndProjectSection
EndProject
Project("{8BC9CEB8-8B4A-11D0-8D11-00A0C91BC942}") = "sfml-window", "src\SFML\Window\sfml-window.vcxproj", "{3B6AB4A6-8129-36BD-9FAB-7EBA305A6CDF}"
	ProjectSection(ProjectDependencies) = postProject
		{98800BFB-ACA8-32B9-A729-CB74DFA7F8C2} = {98800BFB-ACA8-32B9-A729-CB74DFA7F8C2}
		{A5A64C83-0ACD-31E9-9DBA-A92EB395D9B7} = {A5A64C83-0ACD-31E9-9DBA-A92EB395D9B7}
	EndProjectSection
EndProject
Global
	GlobalSection(SolutionConfigurationPlatforms) = preSolution
		Debug|x64 = Debug|x64
		Release|x64 = Release|x64
		MinSizeRel|x64 = MinSizeRel|x64
		RelWithDebInfo|x64 = RelWithDebInfo|x64
	EndGlobalSection
	GlobalSection(ProjectConfigurationPlatforms) = postSolution
		{917837DA-F653-3CA7-8595-1EB6A590C5E2}.Debug|x64.ActiveCfg = Debug|x64
		{917837DA-F653-3CA7-8595-1EB6A590C5E2}.Debug|x64.Build.0 = Debug|x64
		{917837DA-F653-3CA7-8595-1EB6A590C5E2}.Release|x64.ActiveCfg = Release|x64
		{917837DA-F653-3CA7-8595-1EB6A590C5E2}.Release|x64.Build.0 = Release|x64
		{917837DA-F653-3CA7-8595-1EB6A590C5E2}.MinSizeRel|x64.ActiveCfg = MinSizeRel|x64
		{917837DA-F653-3CA7-8595-1EB6A590C5E2}.MinSizeRel|x64.Build.0 = MinSizeRel|x64
		{917837DA-F653-3CA7-8595-1EB6A590C5E2}.RelWithDebInfo|x64.ActiveCfg = RelWithDebInfo|x64
		{917837DA-F653-3CA7-8595-1EB6A590C5E2}.RelWithDebInfo|x64.Build.0 = RelWithDebInfo|x64
		{D190AB86-30CA-32EF-886C-732C27B2BD2A}.Debug|x64.ActiveCfg = Debug|x64
		{D190AB86-30CA-32EF-886C-732C27B2BD2A}.Release|x64.ActiveCfg = Release|x64
		{D190AB86-30CA-32EF-886C-732C27B2BD2A}.MinSizeRel|x64.ActiveCfg = MinSizeRel|x64
		{D190AB86-30CA-32EF-886C-732C27B2BD2A}.RelWithDebInfo|x64.ActiveCfg = RelWithDebInfo|x64
		{98800BFB-ACA8-32B9-A729-CB74DFA7F8C2}.Debug|x64.ActiveCfg = Debug|x64
		{98800BFB-ACA8-32B9-A729-CB74DFA7F8C2}.Debug|x64.Build.0 = Debug|x64
		{98800BFB-ACA8-32B9-A729-CB74DFA7F8C2}.Release|x64.ActiveCfg = Release|x64
		{98800BFB-ACA8-32B9-A729-CB74DFA7F8C2}.Release|x64.Build.0 = Release|x64
		{98800BFB-ACA8-32B9-A729-CB74DFA7F8C2}.MinSizeRel|x64.ActiveCfg = MinSizeRel|x64
		{98800BFB-ACA8-32B9-A729-CB74DFA7F8C2}.MinSizeRel|x64.Build.0 = MinSizeRel|x64
		{98800BFB-ACA8-32B9-A729-CB74DFA7F8C2}.RelWithDebInfo|x64.ActiveCfg = RelWithDebInfo|x64
		{98800BFB-ACA8-32B9-A729-CB74DFA7F8C2}.RelWithDebInfo|x64.Build.0 = RelWithDebInfo|x64
		{1FD274AE-997D-342D-A0CB-34FCE35D9AB4}.Debug|x64.ActiveCfg = Debug|x64
		{1FD274AE-997D-342D-A0CB-34FCE35D9AB4}.Debug|x64.Build.0 = Debug|x64
		{1FD274AE-997D-342D-A0CB-34FCE35D9AB4}.Release|x64.ActiveCfg = Release|x64
		{1FD274AE-997D-342D-A0CB-34FCE35D9AB4}.Release|x64.Build.0 = Release|x64
		{1FD274AE-997D-342D-A0CB-34FCE35D9AB4}.MinSizeRel|x64.ActiveCfg = MinSizeRel|x64
		{1FD274AE-997D-342D-A0CB-34FCE35D9AB4}.MinSizeRel|x64.Build.0 = MinSizeRel|x64
		{1FD274AE-997D-342D-A0CB-34FCE35D9AB4}.RelWithDebInfo|x64.ActiveCfg = RelWithDebInfo|x64
		{1FD274AE-997D-342D-A0CB-34FCE35D9AB4}.RelWithDebInfo|x64.Build.0 = RelWithDebInfo|x64
		{E5A0C8DC-BAB9-396B-AA4C-CFB20DA7AABE}.Debug|x64.ActiveCfg = Debug|x64
		{E5A0C8DC-BAB9-396B-AA4C-CFB20DA7AABE}.Debug|x64.Build.0 = Debug|x64
		{E5A0C8DC-BAB9-396B-AA4C-CFB20DA7AABE}.Release|x64.ActiveCfg = Release|x64
		{E5A0C8DC-BAB9-396B-AA4C-CFB20DA7AABE}.Release|x64.Build.0 = Release|x64
		{E5A0C8DC-BAB9-396B-AA4C-CFB20DA7AABE}.MinSizeRel|x64.ActiveCfg = MinSizeRel|x64
		{E5A0C8DC-BAB9-396B-AA4C-CFB20DA7AABE}.MinSizeRel|x64.Build.0 = MinSizeRel|x64
		{E5A0C8DC-BAB9-396B-AA4C-CFB20DA7AABE}.RelWithDebInfo|x64.ActiveCfg = RelWithDebInfo|x64
		{E5A0C8DC-BAB9-396B-AA4C-CFB20DA7AABE}.RelWithDebInfo|x64.Build.0 = RelWithDebInfo|x64
		{FE034254-DAAE-3BD1-BAFE-E5BC574ADD85}.Debug|x64.ActiveCfg = Debug|x64
		{FE034254-DAAE-3BD1-BAFE-E5BC574ADD85}.Debug|x64.Build.0 = Debug|x64
		{FE034254-DAAE-3BD1-BAFE-E5BC574ADD85}.Release|x64.ActiveCfg = Release|x64
		{FE034254-DAAE-3BD1-BAFE-E5BC574ADD85}.Release|x64.Build.0 = Release|x64
		{FE034254-DAAE-3BD1-BAFE-E5BC574ADD85}.MinSizeRel|x64.ActiveCfg = MinSizeRel|x64
		{FE034254-DAAE-3BD1-BAFE-E5BC574ADD85}.MinSizeRel|x64.Build.0 = MinSizeRel|x64
		{FE034254-DAAE-3BD1-BAFE-E5BC574ADD85}.RelWithDebInfo|x64.ActiveCfg = RelWithDebInfo|x64
		{FE034254-DAAE-3BD1-BAFE-E5BC574ADD85}.RelWithDebInfo|x64.Build.0 = RelWithDebInfo|x64
		{7A1E358C-A0D3-357B-A77E-DD873EBDABC9}.Debug|x64.ActiveCfg = Debug|x64
		{7A1E358C-A0D3-357B-A77E-DD873EBDABC9}.Debug|x64.Build.0 = Debug|x64
		{7A1E358C-A0D3-357B-A77E-DD873EBDABC9}.Release|x64.ActiveCfg = Release|x64
		{7A1E358C-A0D3-357B-A77E-DD873EBDABC9}.Release|x64.Build.0 = Release|x64
		{7A1E358C-A0D3-357B-A77E-DD873EBDABC9}.MinSizeRel|x64.ActiveCfg = MinSizeRel|x64
		{7A1E358C-A0D3-357B-A77E-DD873EBDABC9}.MinSizeRel|x64.Build.0 = MinSizeRel|x64
		{7A1E358C-A0D3-357B-A77E-DD873EBDABC9}.RelWithDebInfo|x64.ActiveCfg = RelWithDebInfo|x64
		{7A1E358C-A0D3-357B-A77E-DD873EBDABC9}.RelWithDebInfo|x64.Build.0 = RelWithDebInfo|x64
		{A5A64C83-0ACD-31E9-9DBA-A92EB395D9B7}.Debug|x64.ActiveCfg = Debug|x64
		{A5A64C83-0ACD-31E9-9DBA-A92EB395D9B7}.Debug|x64.Build.0 = Debug|x64
		{A5A64C83-0ACD-31E9-9DBA-A92EB395D9B7}.Release|x64.ActiveCfg = Release|x64
		{A5A64C83-0ACD-31E9-9DBA-A92EB395D9B7}.Release|x64.Build.0 = Release|x64
		{A5A64C83-0ACD-31E9-9DBA-A92EB395D9B7}.MinSizeRel|x64.ActiveCfg = MinSizeRel|x64
		{A5A64C83-0ACD-31E9-9DBA-A92EB395D9B7}.MinSizeRel|x64.Build.0 = MinSizeRel|x64
		{A5A64C83-0ACD-31E9-9DBA-A92EB395D9B7}.RelWithDebInfo|x64.ActiveCfg = RelWithDebInfo|x64
		{A5A64C83-0ACD-31E9-9DBA-A92EB395D9B7}.RelWithDebInfo|x64.Build.0 = RelWithDebInfo|x64
		{3B6AB4A6-8129-36BD-9FAB-7EBA305A6CDF}.Debug|x64.ActiveCfg = Debug|x64
		{3B6AB4A6-8129-36BD-9FAB-7EBA305A6CDF}.Debug|x64.Build.0 = Debug|x64
		{3B6AB4A6-8129-36BD-9FAB-7EBA305A6CDF}.Release|x64.ActiveCfg = Release|x64
		{3B6AB4A6-8129-36BD-9FAB-7EBA305A6CDF}.Release|x64.Build.0 = Release|x64
		{3B6AB4A6-8129-36BD-9FAB-7EBA305A6CDF}.MinSizeRel|x64.ActiveCfg = MinSizeRel|x64
		{3B6AB4A6-8129-36BD-9FAB-7EBA305A6CDF}.MinSizeRel|x64.Build.0 = MinSizeRel|x64
		{3B6AB4A6-8129-36BD-9FAB-7EBA305A6CDF}.RelWithDebInfo|x64.ActiveCfg = RelWithDebInfo|x64
		{3B6AB4A6-8129-36BD-9FAB-7EBA305A6CDF}.RelWithDebInfo|x64.Build.0 = RelWithDebInfo|x64
	EndGlobalSection
	GlobalSection(NestedProjects) = preSolution
		{917837DA-F653-3CA7-8595-1EB6A590C5E2} = {86BDD72E-EEC6-3DC3-B0C4-09C9784D1512}
		{D190AB86-30CA-32EF-886C-732C27B2BD2A} = {86BDD72E-EEC6-3DC3-B0C4-09C9784D1512}
		{98800BFB-ACA8-32B9-A729-CB74DFA7F8C2} = {86BDD72E-EEC6-3DC3-B0C4-09C9784D1512}
		{1FD274AE-997D-342D-A0CB-34FCE35D9AB4} = {00907032-00FB-390E-82FC-F7F054D0A857}
		{E5A0C8DC-BAB9-396B-AA4C-CFB20DA7AABE} = {00907032-00FB-390E-82FC-F7F054D0A857}
		{FE034254-DAAE-3BD1-BAFE-E5BC574ADD85} = {00907032-00FB-390E-82FC-F7F054D0A857}
		{7A1E358C-A0D3-357B-A77E-DD873EBDABC9} = {00907032-00FB-390E-82FC-F7F054D0A857}
		{A5A64C83-0ACD-31E9-9DBA-A92EB395D9B7} = {00907032-00FB-390E-82FC-F7F054D0A857}
		{3B6AB4A6-8129-36BD-9FAB-7EBA305A6CDF} = {00907032-00FB-390E-82FC-F7F054D0A857}
	EndGlobalSection
	GlobalSection(ExtensibilityGlobals) = postSolution
		SolutionGuid = {2D8371E4-66EC-39D4-A1B8-7BB109A74440}
	EndGlobalSection
	GlobalSection(ExtensibilityAddIns) = postSolution
	EndGlobalSection
EndGlobal
